
Microsoft Visual Studio Solution File, Format Version 12.00
# Visual Studio Version 17
VisualStudioVersion = 17.11.35303.130
MinimumVisualStudioVersion = 10.0.40219.1
Project("{9A19103F-16F7-4668-BE54-9A1E7A4F7556}") = "Plot", "Plot\Plot.csproj", "{D571F128-94A0-4F6A-AC49-BF37ED20A6E3}"
EndProject
Project("{F2A71F9B-5D33-465A-A702-920D77279786}") = "Plot.Core", "Plot.Core\Plot.Core.fsproj", "{B88FF3A6-E92F-4466-AB9F-B42443B20BEC}"
EndProject
Project("{F2A71F9B-5D33-465A-A702-920D77279786}") = "Plot.Test", "Plot.Test\Plot.Test.fsproj", "{F9667501-9BF4-4BA4-BBAC-122276433C89}"
EndProject
Global
	GlobalSection(SolutionConfigurationPlatforms) = preSolution
		Debug|Any CPU = Debug|Any CPU
		Release|Any CPU = Release|Any CPU
	EndGlobalSection
	GlobalSection(ProjectConfigurationPlatforms) = postSolution
		{D571F128-94A0-4F6A-AC49-BF37ED20A6E3}.Debug|Any CPU.ActiveCfg = Debug|Any CPU
		{D571F128-94A0-4F6A-AC49-BF37ED20A6E3}.Debug|Any CPU.Build.0 = Debug|Any CPU
		{D571F128-94A0-4F6A-AC49-BF37ED20A6E3}.Release|Any CPU.ActiveCfg = Release|Any CPU
		{D571F128-94A0-4F6A-AC49-BF37ED20A6E3}.Release|Any CPU.Build.0 = Release|Any CPU
		{B88FF3A6-E92F-4466-AB9F-B42443B20BEC}.Debug|Any CPU.ActiveCfg = Debug|Any CPU
		{B88FF3A6-E92F-4466-AB9F-B42443B20BEC}.Debug|Any CPU.Build.0 = Debug|Any CPU
		{B88FF3A6-E92F-4466-AB9F-B42443B20BEC}.Release|Any CPU.ActiveCfg = Release|Any CPU
		{B88FF3A6-E92F-4466-AB9F-B42443B20BEC}.Release|Any CPU.Build.0 = Release|Any CPU
		{F9667501-9BF4-4BA4-BBAC-122276433C89}.Debug|Any CPU.ActiveCfg = Debug|Any CPU
		{F9667501-9BF4-4BA4-BBAC-122276433C89}.Debug|Any CPU.Build.0 = Debug|Any CPU
		{F9667501-9BF4-4BA4-BBAC-122276433C89}.Release|Any CPU.ActiveCfg = Release|Any CPU
		{F9667501-9BF4-4BA4-BBAC-122276433C89}.Release|Any CPU.Build.0 = Release|Any CPU
	EndGlobalSection
	GlobalSection(SolutionProperties) = preSolution
		HideSolutionNode = FALSE
	EndGlobalSection
	GlobalSection(ExtensibilityGlobals) = postSolution
		SolutionGuid = {F544CC86-D411-43DB-91AB-89F7CE38DE50}
	EndGlobalSection
EndGlobal
